
Microsoft Visual Studio Solution File, Format Version 12.00
# Visual Studio Version 17
VisualStudioVersion = 17.6.33829.357
MinimumVisualStudioVersion = 10.0.40219.1
Project("{FAE04EC0-301F-11D3-BF4B-00C04F79EFBC}") = "Hairology", "Hairology\Hairology.csproj", "{EB1C93E6-ED46-4F37-8E93-82F3722590A0}"
EndProject
Global
	GlobalSection(SolutionConfigurationPlatforms) = preSolution
		Debug|Any CPU = Debug|Any CPU
		Release|Any CPU = Release|Any CPU
	EndGlobalSection
	GlobalSection(ProjectConfigurationPlatforms) = postSolution
		{EB1C93E6-ED46-4F37-8E93-82F3722590A0}.Debug|Any CPU.ActiveCfg = Debug|Any CPU
		{EB1C93E6-ED46-4F37-8E93-82F3722590A0}.Debug|Any CPU.Build.0 = Debug|Any CPU
		{EB1C93E6-ED46-4F37-8E93-82F3722590A0}.Release|Any CPU.ActiveCfg = Release|Any CPU
		{EB1C93E6-ED46-4F37-8E93-82F3722590A0}.Release|Any CPU.Build.0 = Release|Any CPU
	EndGlobalSection
	GlobalSection(SolutionProperties) = preSolution
		HideSolutionNode = FALSE
	EndGlobalSection
	GlobalSection(ExtensibilityGlobals) = postSolution
		SolutionGuid = {8B41F7A9-06EB-48C9-A775-9E941A0A5E40}
	EndGlobalSection
EndGlobal
